
Microsoft Visual Studio Solution File, Format Version 12.00
# Visual Studio 15
VisualStudioVersion = 15.0.28307.779
MinimumVisualStudioVersion = 10.0.40219.1
Project("{FAE04EC0-301F-11D3-BF4B-00C04F79EFBC}") = "AptekaMain", "AptekaMain\AptekaMain.csproj", "{CF17DA49-D640-426A-AB3E-45A9B22F30BA}"
EndProject
Global
	GlobalSection(SolutionConfigurationPlatforms) = preSolution
		Debug|Any CPU = Debug|Any CPU
		Release|Any CPU = Release|Any CPU
	EndGlobalSection
	GlobalSection(ProjectConfigurationPlatforms) = postSolution
		{CF17DA49-D640-426A-AB3E-45A9B22F30BA}.Debug|Any CPU.ActiveCfg = Debug|Any CPU
		{CF17DA49-D640-426A-AB3E-45A9B22F30BA}.Debug|Any CPU.Build.0 = Debug|Any CPU
		{CF17DA49-D640-426A-AB3E-45A9B22F30BA}.Release|Any CPU.ActiveCfg = Release|Any CPU
		{CF17DA49-D640-426A-AB3E-45A9B22F30BA}.Release|Any CPU.Build.0 = Release|Any CPU
	EndGlobalSection
	GlobalSection(SolutionProperties) = preSolution
		HideSolutionNode = FALSE
	EndGlobalSection
	GlobalSection(ExtensibilityGlobals) = postSolution
		SolutionGuid = {4A6034A6-477E-4AED-BB2A-1A17E342A833}
	EndGlobalSection
EndGlobal
